
Microsoft Visual Studio Solution File, Format Version 12.00
# Visual Studio 15
Project("{FAE04EC0-301F-11D3-BF4B-00C04F79EFBC}") = "UnityEngine.TestRunner", "UnityEngine.TestRunner.csproj", "{F03A6A14-8CA5-517C-138E-8FA414F21E83}"
EndProject
Project("{FAE04EC0-301F-11D3-BF4B-00C04F79EFBC}") = "Unity.TextMeshPro", "Unity.TextMeshPro.csproj", "{0E190A68-7C02-D155-CECF-905A4FA47CB9}"
EndProject
Project("{FAE04EC0-301F-11D3-BF4B-00C04F79EFBC}") = "Unity.Timeline", "Unity.Timeline.csproj", "{1B661983-DE33-B4B1-0F9B-FE98DD84684C}"
EndProject
Project("{FAE04EC0-301F-11D3-BF4B-00C04F79EFBC}") = "Assembly-CSharp", "Assembly-CSharp.csproj", "{5B580621-09B4-68CB-B5F4-5B9DD210A60F}"
EndProject
Project("{FAE04EC0-301F-11D3-BF4B-00C04F79EFBC}") = "UnityEditor.TestRunner", "UnityEditor.TestRunner.csproj", "{AF9C8BAF-1ECC-F98D-07CF-142EFC8A0C38}"
EndProject
Project("{FAE04EC0-301F-11D3-BF4B-00C04F79EFBC}") = "Unity.TextMeshPro.Editor", "Unity.TextMeshPro.Editor.csproj", "{491B261A-1B70-B469-C046-62ACA5146ECE}"
EndProject
Project("{FAE04EC0-301F-11D3-BF4B-00C04F79EFBC}") = "Unity.Timeline.Editor", "Unity.Timeline.Editor.csproj", "{4B0C2CFF-C8B4-A077-E189-8E43EEF1134F}"
EndProject
Project("{FAE04EC0-301F-11D3-BF4B-00C04F79EFBC}") = "Unity.Rider.Editor", "Unity.Rider.Editor.csproj", "{94F827D3-61C0-7CBC-A190-3E2F80AC6577}"
EndProject
Project("{FAE04EC0-301F-11D3-BF4B-00C04F79EFBC}") = "Unity.CollabProxy.Editor", "Unity.CollabProxy.Editor.csproj", "{1CE4C491-0A6D-23E4-FA54-E85C87974EB6}"
EndProject
Project("{FAE04EC0-301F-11D3-BF4B-00C04F79EFBC}") = "Unity.VSCode.Editor", "Unity.VSCode.Editor.csproj", "{E25B9577-A0E7-4DBE-E901-838B9EEDE883}"
EndProject
Global
	GlobalSection(SolutionConfigurationPlatforms) = preSolution
		Debug|Any CPU = Debug|Any CPU
		Release|Any CPU = Release|Any CPU
	EndGlobalSection
	GlobalSection(ProjectConfigurationPlatforms) = postSolution
		{F03A6A14-8CA5-517C-138E-8FA414F21E83}.Debug|Any CPU.ActiveCfg = Debug|Any CPU
		{F03A6A14-8CA5-517C-138E-8FA414F21E83}.Debug|Any CPU.Build.0 = Debug|Any CPU
		{F03A6A14-8CA5-517C-138E-8FA414F21E83}.Release|Any CPU.ActiveCfg = Release|Any CPU
		{F03A6A14-8CA5-517C-138E-8FA414F21E83}.Release|Any CPU.Build.0 = Release|Any CPU
		{0E190A68-7C02-D155-CECF-905A4FA47CB9}.Debug|Any CPU.ActiveCfg = Debug|Any CPU
		{0E190A68-7C02-D155-CECF-905A4FA47CB9}.Debug|Any CPU.Build.0 = Debug|Any CPU
		{0E190A68-7C02-D155-CECF-905A4FA47CB9}.Release|Any CPU.ActiveCfg = Release|Any CPU
		{0E190A68-7C02-D155-CECF-905A4FA47CB9}.Release|Any CPU.Build.0 = Release|Any CPU
		{1B661983-DE33-B4B1-0F9B-FE98DD84684C}.Debug|Any CPU.ActiveCfg = Debug|Any CPU
		{1B661983-DE33-B4B1-0F9B-FE98DD84684C}.Debug|Any CPU.Build.0 = Debug|Any CPU
		{1B661983-DE33-B4B1-0F9B-FE98DD84684C}.Release|Any CPU.ActiveCfg = Release|Any CPU
		{1B661983-DE33-B4B1-0F9B-FE98DD84684C}.Release|Any CPU.Build.0 = Release|Any CPU
		{5B580621-09B4-68CB-B5F4-5B9DD210A60F}.Debug|Any CPU.ActiveCfg = Debug|Any CPU
		{5B580621-09B4-68CB-B5F4-5B9DD210A60F}.Debug|Any CPU.Build.0 = Debug|Any CPU
		{5B580621-09B4-68CB-B5F4-5B9DD210A60F}.Release|Any CPU.ActiveCfg = Release|Any CPU
		{5B580621-09B4-68CB-B5F4-5B9DD210A60F}.Release|Any CPU.Build.0 = Release|Any CPU
		{AF9C8BAF-1ECC-F98D-07CF-142EFC8A0C38}.Debug|Any CPU.ActiveCfg = Debug|Any CPU
		{AF9C8BAF-1ECC-F98D-07CF-142EFC8A0C38}.Debug|Any CPU.Build.0 = Debug|Any CPU
		{AF9C8BAF-1ECC-F98D-07CF-142EFC8A0C38}.Release|Any CPU.ActiveCfg = Release|Any CPU
		{AF9C8BAF-1ECC-F98D-07CF-142EFC8A0C38}.Release|Any CPU.Build.0 = Release|Any CPU
		{491B261A-1B70-B469-C046-62ACA5146ECE}.Debug|Any CPU.ActiveCfg = Debug|Any CPU
		{491B261A-1B70-B469-C046-62ACA5146ECE}.Debug|Any CPU.Build.0 = Debug|Any CPU
		{491B261A-1B70-B469-C046-62ACA5146ECE}.Release|Any CPU.ActiveCfg = Release|Any CPU
		{491B261A-1B70-B469-C046-62ACA5146ECE}.Release|Any CPU.Build.0 = Release|Any CPU
		{4B0C2CFF-C8B4-A077-E189-8E43EEF1134F}.Debug|Any CPU.ActiveCfg = Debug|Any CPU
		{4B0C2CFF-C8B4-A077-E189-8E43EEF1134F}.Debug|Any CPU.Build.0 = Debug|Any CPU
		{4B0C2CFF-C8B4-A077-E189-8E43EEF1134F}.Release|Any CPU.ActiveCfg = Release|Any CPU
		{4B0C2CFF-C8B4-A077-E189-8E43EEF1134F}.Release|Any CPU.Build.0 = Release|Any CPU
		{94F827D3-61C0-7CBC-A190-3E2F80AC6577}.Debug|Any CPU.ActiveCfg = Debug|Any CPU
		{94F827D3-61C0-7CBC-A190-3E2F80AC6577}.Debug|Any CPU.Build.0 = Debug|Any CPU
		{94F827D3-61C0-7CBC-A190-3E2F80AC6577}.Release|Any CPU.ActiveCfg = Release|Any CPU
		{94F827D3-61C0-7CBC-A190-3E2F80AC6577}.Release|Any CPU.Build.0 = Release|Any CPU
		{1CE4C491-0A6D-23E4-FA54-E85C87974EB6}.Debug|Any CPU.ActiveCfg = Debug|Any CPU
		{1CE4C491-0A6D-23E4-FA54-E85C87974EB6}.Debug|Any CPU.Build.0 = Debug|Any CPU
		{1CE4C491-0A6D-23E4-FA54-E85C87974EB6}.Release|Any CPU.ActiveCfg = Release|Any CPU
		{1CE4C491-0A6D-23E4-FA54-E85C87974EB6}.Release|Any CPU.Build.0 = Release|Any CPU
		{E25B9577-A0E7-4DBE-E901-838B9EEDE883}.Debug|Any CPU.ActiveCfg = Debug|Any CPU
		{E25B9577-A0E7-4DBE-E901-838B9EEDE883}.Debug|Any CPU.Build.0 = Debug|Any CPU
		{E25B9577-A0E7-4DBE-E901-838B9EEDE883}.Release|Any CPU.ActiveCfg = Release|Any CPU
		{E25B9577-A0E7-4DBE-E901-838B9EEDE883}.Release|Any CPU.Build.0 = Release|Any CPU
	EndGlobalSection
	GlobalSection(SolutionProperties) = preSolution
		HideSolutionNode = FALSE
	EndGlobalSection
EndGlobal
